
Microsoft Visual Studio Solution File, Format Version 12.00
# Visual Studio 15
Project("{FAE04EC0-301F-11D3-BF4B-00C04F79EFBC}") = "Assembly-CSharp", "Assembly-CSharp.csproj", "{D571CB4B-5F98-CE63-29A8-015AE863183C}"
EndProject
Project("{FAE04EC0-301F-11D3-BF4B-00C04F79EFBC}") = "SteamVR", "SteamVR.csproj", "{B561A619-A8C0-073E-EFC1-0AB3B029E81E}"
EndProject
Project("{FAE04EC0-301F-11D3-BF4B-00C04F79EFBC}") = "SteamVR_Actions", "SteamVR_Actions.csproj", "{EC88FB38-6F5B-D8F4-C37C-05E1BBCBAF6B}"
EndProject
Project("{FAE04EC0-301F-11D3-BF4B-00C04F79EFBC}") = "Assembly-CSharp-Editor", "Assembly-CSharp-Editor.csproj", "{E39F514E-D7F6-2673-E09B-C96CD4A89525}"
EndProject
Project("{FAE04EC0-301F-11D3-BF4B-00C04F79EFBC}") = "SteamVR_Editor", "SteamVR_Editor.csproj", "{316E8367-EA6A-2453-5367-E3BABA3E7AE6}"
EndProject
Project("{FAE04EC0-301F-11D3-BF4B-00C04F79EFBC}") = "SteamVR_Input_Editor", "SteamVR_Input_Editor.csproj", "{7BC135A2-6B4C-474D-84EA-EE983928B8C4}"
EndProject
Project("{FAE04EC0-301F-11D3-BF4B-00C04F79EFBC}") = "SteamVR_Windows_EditorHelper", "SteamVR_Windows_EditorHelper.csproj", "{BFAFF065-520E-3A51-725C-B24DB97BBBFE}"
EndProject
Global
	GlobalSection(SolutionConfigurationPlatforms) = preSolution
		Debug|Any CPU = Debug|Any CPU
		Release|Any CPU = Release|Any CPU
	EndGlobalSection
	GlobalSection(ProjectConfigurationPlatforms) = postSolution
		{D571CB4B-5F98-CE63-29A8-015AE863183C}.Debug|Any CPU.ActiveCfg = Debug|Any CPU
		{D571CB4B-5F98-CE63-29A8-015AE863183C}.Debug|Any CPU.Build.0 = Debug|Any CPU
		{D571CB4B-5F98-CE63-29A8-015AE863183C}.Release|Any CPU.ActiveCfg = Release|Any CPU
		{D571CB4B-5F98-CE63-29A8-015AE863183C}.Release|Any CPU.Build.0 = Release|Any CPU
		{B561A619-A8C0-073E-EFC1-0AB3B029E81E}.Debug|Any CPU.ActiveCfg = Debug|Any CPU
		{B561A619-A8C0-073E-EFC1-0AB3B029E81E}.Debug|Any CPU.Build.0 = Debug|Any CPU
		{B561A619-A8C0-073E-EFC1-0AB3B029E81E}.Release|Any CPU.ActiveCfg = Release|Any CPU
		{B561A619-A8C0-073E-EFC1-0AB3B029E81E}.Release|Any CPU.Build.0 = Release|Any CPU
		{EC88FB38-6F5B-D8F4-C37C-05E1BBCBAF6B}.Debug|Any CPU.ActiveCfg = Debug|Any CPU
		{EC88FB38-6F5B-D8F4-C37C-05E1BBCBAF6B}.Debug|Any CPU.Build.0 = Debug|Any CPU
		{EC88FB38-6F5B-D8F4-C37C-05E1BBCBAF6B}.Release|Any CPU.ActiveCfg = Release|Any CPU
		{EC88FB38-6F5B-D8F4-C37C-05E1BBCBAF6B}.Release|Any CPU.Build.0 = Release|Any CPU
		{E39F514E-D7F6-2673-E09B-C96CD4A89525}.Debug|Any CPU.ActiveCfg = Debug|Any CPU
		{E39F514E-D7F6-2673-E09B-C96CD4A89525}.Debug|Any CPU.Build.0 = Debug|Any CPU
		{E39F514E-D7F6-2673-E09B-C96CD4A89525}.Release|Any CPU.ActiveCfg = Release|Any CPU
		{E39F514E-D7F6-2673-E09B-C96CD4A89525}.Release|Any CPU.Build.0 = Release|Any CPU
		{316E8367-EA6A-2453-5367-E3BABA3E7AE6}.Debug|Any CPU.ActiveCfg = Debug|Any CPU
		{316E8367-EA6A-2453-5367-E3BABA3E7AE6}.Debug|Any CPU.Build.0 = Debug|Any CPU
		{316E8367-EA6A-2453-5367-E3BABA3E7AE6}.Release|Any CPU.ActiveCfg = Release|Any CPU
		{316E8367-EA6A-2453-5367-E3BABA3E7AE6}.Release|Any CPU.Build.0 = Release|Any CPU
		{7BC135A2-6B4C-474D-84EA-EE983928B8C4}.Debug|Any CPU.ActiveCfg = Debug|Any CPU
		{7BC135A2-6B4C-474D-84EA-EE983928B8C4}.Debug|Any CPU.Build.0 = Debug|Any CPU
		{7BC135A2-6B4C-474D-84EA-EE983928B8C4}.Release|Any CPU.ActiveCfg = Release|Any CPU
		{7BC135A2-6B4C-474D-84EA-EE983928B8C4}.Release|Any CPU.Build.0 = Release|Any CPU
		{BFAFF065-520E-3A51-725C-B24DB97BBBFE}.Debug|Any CPU.ActiveCfg = Debug|Any CPU
		{BFAFF065-520E-3A51-725C-B24DB97BBBFE}.Debug|Any CPU.Build.0 = Debug|Any CPU
		{BFAFF065-520E-3A51-725C-B24DB97BBBFE}.Release|Any CPU.ActiveCfg = Release|Any CPU
		{BFAFF065-520E-3A51-725C-B24DB97BBBFE}.Release|Any CPU.Build.0 = Release|Any CPU
	EndGlobalSection
	GlobalSection(SolutionProperties) = preSolution
		HideSolutionNode = FALSE
	EndGlobalSection
EndGlobal
